
Microsoft Visual Studio Solution File, Format Version 12.00
# Visual Studio Version 17
VisualStudioVersion = 17.3.32825.248
MinimumVisualStudioVersion = 10.0.40219.1
Project("{FAE04EC0-301F-11D3-BF4B-00C04F79EFBC}") = "Car", "Car\Car.csproj", "{3632B879-961D-4D2D-AB86-37CD3C0BB84A}"
EndProject
Global
	GlobalSection(SolutionConfigurationPlatforms) = preSolution
		Debug|Any CPU = Debug|Any CPU
		Release|Any CPU = Release|Any CPU
	EndGlobalSection
	GlobalSection(ProjectConfigurationPlatforms) = postSolution
		{3632B879-961D-4D2D-AB86-37CD3C0BB84A}.Debug|Any CPU.ActiveCfg = Debug|Any CPU
		{3632B879-961D-4D2D-AB86-37CD3C0BB84A}.Debug|Any CPU.Build.0 = Debug|Any CPU
		{3632B879-961D-4D2D-AB86-37CD3C0BB84A}.Release|Any CPU.ActiveCfg = Release|Any CPU
		{3632B879-961D-4D2D-AB86-37CD3C0BB84A}.Release|Any CPU.Build.0 = Release|Any CPU
	EndGlobalSection
	GlobalSection(SolutionProperties) = preSolution
		HideSolutionNode = FALSE
	EndGlobalSection
	GlobalSection(ExtensibilityGlobals) = postSolution
		SolutionGuid = {0364C378-68A1-4916-AE12-00B68AE45D42}
	EndGlobalSection
EndGlobal
